
Microsoft Visual Studio Solution File, Format Version 12.00
# Visual Studio Version 17
VisualStudioVersion = 17.14.36623.8 d17.14
MinimumVisualStudioVersion = 10.0.40219.1
Project("{FAE04EC0-301F-11D3-BF4B-00C04F79EFBC}") = "Tugas_praktik6_array", "Tugas_praktik6_array\Tugas_praktik6_array.csproj", "{9E0EFD44-7C66-4CEB-88AF-101FFEC9D852}"
EndProject
Global
	GlobalSection(SolutionConfigurationPlatforms) = preSolution
		Debug|Any CPU = Debug|Any CPU
		Release|Any CPU = Release|Any CPU
	EndGlobalSection
	GlobalSection(ProjectConfigurationPlatforms) = postSolution
		{9E0EFD44-7C66-4CEB-88AF-101FFEC9D852}.Debug|Any CPU.ActiveCfg = Debug|Any CPU
		{9E0EFD44-7C66-4CEB-88AF-101FFEC9D852}.Debug|Any CPU.Build.0 = Debug|Any CPU
		{9E0EFD44-7C66-4CEB-88AF-101FFEC9D852}.Release|Any CPU.ActiveCfg = Release|Any CPU
		{9E0EFD44-7C66-4CEB-88AF-101FFEC9D852}.Release|Any CPU.Build.0 = Release|Any CPU
	EndGlobalSection
	GlobalSection(SolutionProperties) = preSolution
		HideSolutionNode = FALSE
	EndGlobalSection
	GlobalSection(ExtensibilityGlobals) = postSolution
		SolutionGuid = {79E712EA-B285-4EA0-A013-4452A4F7C980}
	EndGlobalSection
EndGlobal
