
Microsoft Visual Studio Solution File, Format Version 12.00
# Visual Studio Version 17
VisualStudioVersion = 17.14.36623.8 d17.14
MinimumVisualStudioVersion = 10.0.40219.1
Project("{FAE04EC0-301F-11D3-BF4B-00C04F79EFBC}") = "Praktik6.1_UMI FADILAH NUR AISYAH_X PPLG 1", "Praktik6.1_UMI FADILAH NUR AISYAH_X PPLG 1\Praktik6.1_UMI FADILAH NUR AISYAH_X PPLG 1.csproj", "{5B5BFEAE-F61F-4D3B-9969-19CD75A5FE20}"
EndProject
Global
	GlobalSection(SolutionConfigurationPlatforms) = preSolution
		Debug|Any CPU = Debug|Any CPU
		Release|Any CPU = Release|Any CPU
	EndGlobalSection
	GlobalSection(ProjectConfigurationPlatforms) = postSolution
		{5B5BFEAE-F61F-4D3B-9969-19CD75A5FE20}.Debug|Any CPU.ActiveCfg = Debug|Any CPU
		{5B5BFEAE-F61F-4D3B-9969-19CD75A5FE20}.Debug|Any CPU.Build.0 = Debug|Any CPU
		{5B5BFEAE-F61F-4D3B-9969-19CD75A5FE20}.Release|Any CPU.ActiveCfg = Release|Any CPU
		{5B5BFEAE-F61F-4D3B-9969-19CD75A5FE20}.Release|Any CPU.Build.0 = Release|Any CPU
	EndGlobalSection
	GlobalSection(SolutionProperties) = preSolution
		HideSolutionNode = FALSE
	EndGlobalSection
	GlobalSection(ExtensibilityGlobals) = postSolution
		SolutionGuid = {89738BE2-8579-4360-83FA-0F6E9E74D175}
	EndGlobalSection
EndGlobal
