
Microsoft Visual Studio Solution File, Format Version 12.00
# Visual Studio Version 17
VisualStudioVersion = 17.14.36623.8 d17.14
MinimumVisualStudioVersion = 10.0.40219.1
Project("{FAE04EC0-301F-11D3-BF4B-00C04F79EFBC}") = "Praktik_7.3_fungsi", "Praktik_7.3_fungsi\Praktik_7.3_fungsi.csproj", "{A5AA1340-C139-475D-B92A-4860266FA578}"
EndProject
Global
	GlobalSection(SolutionConfigurationPlatforms) = preSolution
		Debug|Any CPU = Debug|Any CPU
		Release|Any CPU = Release|Any CPU
	EndGlobalSection
	GlobalSection(ProjectConfigurationPlatforms) = postSolution
		{A5AA1340-C139-475D-B92A-4860266FA578}.Debug|Any CPU.ActiveCfg = Debug|Any CPU
		{A5AA1340-C139-475D-B92A-4860266FA578}.Debug|Any CPU.Build.0 = Debug|Any CPU
		{A5AA1340-C139-475D-B92A-4860266FA578}.Release|Any CPU.ActiveCfg = Release|Any CPU
		{A5AA1340-C139-475D-B92A-4860266FA578}.Release|Any CPU.Build.0 = Release|Any CPU
	EndGlobalSection
	GlobalSection(SolutionProperties) = preSolution
		HideSolutionNode = FALSE
	EndGlobalSection
	GlobalSection(ExtensibilityGlobals) = postSolution
		SolutionGuid = {E9B4BEB9-17F4-4A93-9344-93C5EBF0B547}
	EndGlobalSection
EndGlobal
