
Microsoft Visual Studio Solution File, Format Version 12.00
# Visual Studio Version 17
VisualStudioVersion = 17.14.36623.8 d17.14
MinimumVisualStudioVersion = 10.0.40219.1
Project("{FAE04EC0-301F-11D3-BF4B-00C04F79EFBC}") = "Praktik6.2_UMI FADILAH NUR AISYAH_X PPLG 1", "Praktik6.2_UMI FADILAH NUR AISYAH_X PPLG 1\Praktik6.2_UMI FADILAH NUR AISYAH_X PPLG 1.csproj", "{E96DB85F-8C8D-451F-8D26-121F563C68C0}"
EndProject
Global
	GlobalSection(SolutionConfigurationPlatforms) = preSolution
		Debug|Any CPU = Debug|Any CPU
		Release|Any CPU = Release|Any CPU
	EndGlobalSection
	GlobalSection(ProjectConfigurationPlatforms) = postSolution
		{E96DB85F-8C8D-451F-8D26-121F563C68C0}.Debug|Any CPU.ActiveCfg = Debug|Any CPU
		{E96DB85F-8C8D-451F-8D26-121F563C68C0}.Debug|Any CPU.Build.0 = Debug|Any CPU
		{E96DB85F-8C8D-451F-8D26-121F563C68C0}.Release|Any CPU.ActiveCfg = Release|Any CPU
		{E96DB85F-8C8D-451F-8D26-121F563C68C0}.Release|Any CPU.Build.0 = Release|Any CPU
	EndGlobalSection
	GlobalSection(SolutionProperties) = preSolution
		HideSolutionNode = FALSE
	EndGlobalSection
	GlobalSection(ExtensibilityGlobals) = postSolution
		SolutionGuid = {BED01FE3-49E8-4DFD-A41A-06AD703A648E}
	EndGlobalSection
EndGlobal
