
Microsoft Visual Studio Solution File, Format Version 12.00
# Visual Studio Version 17
VisualStudioVersion = 17.14.36623.8 d17.14
MinimumVisualStudioVersion = 10.0.40219.1
Project("{FAE04EC0-301F-11D3-BF4B-00C04F79EFBC}") = "Praktik6.3_UMI FADILAH NUR AISYAH_X PPLG 1", "Praktik6.3_UMI FADILAH NUR AISYAH_X PPLG 1\Praktik6.3_UMI FADILAH NUR AISYAH_X PPLG 1.csproj", "{3B3133CC-D603-4E50-B361-843777FEB1B6}"
EndProject
Global
	GlobalSection(SolutionConfigurationPlatforms) = preSolution
		Debug|Any CPU = Debug|Any CPU
		Release|Any CPU = Release|Any CPU
	EndGlobalSection
	GlobalSection(ProjectConfigurationPlatforms) = postSolution
		{3B3133CC-D603-4E50-B361-843777FEB1B6}.Debug|Any CPU.ActiveCfg = Debug|Any CPU
		{3B3133CC-D603-4E50-B361-843777FEB1B6}.Debug|Any CPU.Build.0 = Debug|Any CPU
		{3B3133CC-D603-4E50-B361-843777FEB1B6}.Release|Any CPU.ActiveCfg = Release|Any CPU
		{3B3133CC-D603-4E50-B361-843777FEB1B6}.Release|Any CPU.Build.0 = Release|Any CPU
	EndGlobalSection
	GlobalSection(SolutionProperties) = preSolution
		HideSolutionNode = FALSE
	EndGlobalSection
	GlobalSection(ExtensibilityGlobals) = postSolution
		SolutionGuid = {9D7B63E8-1EEA-4ACE-8B41-16DB4E891DE3}
	EndGlobalSection
EndGlobal
